// !$*UTF8*$!
{
	archiveVersion = 1;
	classes = {
	};
	objectVersion = 56;
	objects = {

/* Begin PBXBuildFile section */
		0C1DEC912B1A2ED200EB0E27 /* cheetah.mp4 in Resources */ = {isa = PBXBuildFile; fileRef = 0CBB23FC2B1918C3000CD66E /* cheetah.mp4 */; };
		0C1DEC922B1A2ED700EB0E27 /* rhino.mp4 in Resources */ = {isa = PBXBuildFile; fileRef = 0CBB24012B1918C4000CD66E /* rhino.mp4 */; };
		0C1DEC932B1A2ED700EB0E27 /* elephant.mp4 in Resources */ = {isa = PBXBuildFile; fileRef = 0CBB23FA2B1918C3000CD66E /* elephant.mp4 */; };
		0C1DEC942B1A2ED700EB0E27 /* hippo.mp4 in Resources */ = {isa = PBXBuildFile; fileRef = 0CBB24002B1918C4000CD66E /* hippo.mp4 */; };
		0C1DEC952B1A2ED700EB0E27 /* zebra.mp4 in Resources */ = {isa = PBXBuildFile; fileRef = 0CBB23FF2B1918C4000CD66E /* zebra.mp4 */; };
		0C1DEC962B1A2ED700EB0E27 /* lion.mp4 in Resources */ = {isa = PBXBuildFile; fileRef = 0CBB23FE2B1918C4000CD66E /* lion.mp4 */; };
		0C1DEC972B1A2ED700EB0E27 /* lioness.mp4 in Resources */ = {isa = PBXBuildFile; fileRef = 0CBB23FB2B1918C3000CD66E /* lioness.mp4 */; };
		0C1DEC982B1A2ED700EB0E27 /* giraffe.mp4 in Resources */ = {isa = PBXBuildFile; fileRef = 0CBB23F92B1918C3000CD66E /* giraffe.mp4 */; };
		0C1DEC992B1A2ED700EB0E27 /* gorilla.mp4 in Resources */ = {isa = PBXBuildFile; fileRef = 0CBB23F82B1918C3000CD66E /* gorilla.mp4 */; };
		0C1DEC9A2B1A2ED700EB0E27 /* ostrich.mp4 in Resources */ = {isa = PBXBuildFile; fileRef = 0CBB23FD2B1918C4000CD66E /* ostrich.mp4 */; };
		0C1DEC9E2B1A303400EB0E27 /* config.swiftformat in Resources */ = {isa = PBXBuildFile; fileRef = 0C1DEC9D2B1A303400EB0E27 /* config.swiftformat */; };
		0C1DECA12B1A349E00EB0E27 /* VideoPlayerHelper.swift in Sources */ = {isa = PBXBuildFile; fileRef = 0C1DECA02B1A349E00EB0E27 /* VideoPlayerHelper.swift */; };
		0C1DECA32B1A376900EB0E27 /* LocationModel.swift in Sources */ = {isa = PBXBuildFile; fileRef = 0C1DECA22B1A376900EB0E27 /* LocationModel.swift */; };
		0C4712342B1A1FDE0081FD60 /* InsetMapView.swift in Sources */ = {isa = PBXBuildFile; fileRef = 0C4712332B1A1FDE0081FD60 /* InsetMapView.swift */; };
		0C4712362B1A21D30081FD60 /* ExternalWeblinkView.swift in Sources */ = {isa = PBXBuildFile; fileRef = 0C4712352B1A21D30081FD60 /* ExternalWeblinkView.swift */; };
		0C4712382B1A258E0081FD60 /* VideoModel.swift in Sources */ = {isa = PBXBuildFile; fileRef = 0C4712372B1A258E0081FD60 /* VideoModel.swift */; };
		0C47123A2B1A25D70081FD60 /* VideoListItemView.swift in Sources */ = {isa = PBXBuildFile; fileRef = 0C4712392B1A25D70081FD60 /* VideoListItemView.swift */; };
		0C871FC12B1A2A8D005C5089 /* VideoPlayerView.swift in Sources */ = {isa = PBXBuildFile; fileRef = 0C871FC02B1A2A8D005C5089 /* VideoPlayerView.swift */; };
		0CBB23E92B1915B7000CD66E /* AfricaApp.swift in Sources */ = {isa = PBXBuildFile; fileRef = 0CBB23E82B1915B7000CD66E /* AfricaApp.swift */; };
		0CBB23EB2B1915B7000CD66E /* ContentView.swift in Sources */ = {isa = PBXBuildFile; fileRef = 0CBB23EA2B1915B7000CD66E /* ContentView.swift */; };
		0CBB23ED2B1915B9000CD66E /* Assets.xcassets in Resources */ = {isa = PBXBuildFile; fileRef = 0CBB23EC2B1915B9000CD66E /* Assets.xcassets */; };
		0CBB23F02B1915B9000CD66E /* Preview Assets.xcassets in Resources */ = {isa = PBXBuildFile; fileRef = 0CBB23EF2B1915B9000CD66E /* Preview Assets.xcassets */; };
		0CBB24072B1918E9000CD66E /* covers.json in Resources */ = {isa = PBXBuildFile; fileRef = 0CBB24032B1918E9000CD66E /* covers.json */; };
		0CBB24082B1918E9000CD66E /* videos.json in Resources */ = {isa = PBXBuildFile; fileRef = 0CBB24042B1918E9000CD66E /* videos.json */; };
		0CBB24092B1918E9000CD66E /* locations.json in Resources */ = {isa = PBXBuildFile; fileRef = 0CBB24052B1918E9000CD66E /* locations.json */; };
		0CBB240A2B1918E9000CD66E /* animals.json in Resources */ = {isa = PBXBuildFile; fileRef = 0CBB24062B1918E9000CD66E /* animals.json */; };
		0CBB240E2B19233A000CD66E /* VideoListView.swift in Sources */ = {isa = PBXBuildFile; fileRef = 0CBB240D2B19233A000CD66E /* VideoListView.swift */; };
		0CBB24102B192356000CD66E /* MapView.swift in Sources */ = {isa = PBXBuildFile; fileRef = 0CBB240F2B192356000CD66E /* MapView.swift */; };
		0CBB24122B19236F000CD66E /* GalleryView.swift in Sources */ = {isa = PBXBuildFile; fileRef = 0CBB24112B19236F000CD66E /* GalleryView.swift */; };
		0CBB24142B192383000CD66E /* MainView.swift in Sources */ = {isa = PBXBuildFile; fileRef = 0CBB24132B192383000CD66E /* MainView.swift */; };
		0CBB24172B1924C9000CD66E /* CoverImageView.swift in Sources */ = {isa = PBXBuildFile; fileRef = 0CBB24162B1924C9000CD66E /* CoverImageView.swift */; };
		0CBB241A2B192772000CD66E /* CoverImageModel.swift in Sources */ = {isa = PBXBuildFile; fileRef = 0CBB24192B192772000CD66E /* CoverImageModel.swift */; };
		0CBB241D2B19282E000CD66E /* CodableBundleExtension.swift in Sources */ = {isa = PBXBuildFile; fileRef = 0CBB241C2B19282E000CD66E /* CodableBundleExtension.swift */; };
		0CBB241F2B192BEB000CD66E /* AnimalListItemView.swift in Sources */ = {isa = PBXBuildFile; fileRef = 0CBB241E2B192BEB000CD66E /* AnimalListItemView.swift */; };
		0CBB24212B192D58000CD66E /* AnimalModel.swift in Sources */ = {isa = PBXBuildFile; fileRef = 0CBB24202B192D58000CD66E /* AnimalModel.swift */; };
		0CE022F92B1A0789006E0ECC /* AnimalDetailView.swift in Sources */ = {isa = PBXBuildFile; fileRef = 0CE022F82B1A0789006E0ECC /* AnimalDetailView.swift */; };
		0CE022FB2B1A093B006E0ECC /* HeadingView.swift in Sources */ = {isa = PBXBuildFile; fileRef = 0CE022FA2B1A093B006E0ECC /* HeadingView.swift */; };
		0CE022FD2B1A09E2006E0ECC /* InsetGalleryView.swift in Sources */ = {isa = PBXBuildFile; fileRef = 0CE022FC2B1A09E2006E0ECC /* InsetGalleryView.swift */; };
		0CE022FF2B1A1BFF006E0ECC /* InsetFactView.swift in Sources */ = {isa = PBXBuildFile; fileRef = 0CE022FE2B1A1BFF006E0ECC /* InsetFactView.swift */; };
/* End PBXBuildFile section */

/* Begin PBXFileReference section */
		0C1DEC9D2B1A303400EB0E27 /* config.swiftformat */ = {isa = PBXFileReference; lastKnownFileType = text; path = config.swiftformat; sourceTree = "<group>"; };
		0C1DECA02B1A349E00EB0E27 /* VideoPlayerHelper.swift */ = {isa = PBXFileReference; lastKnownFileType = sourcecode.swift; path = VideoPlayerHelper.swift; sourceTree = "<group>"; };
		0C1DECA22B1A376900EB0E27 /* LocationModel.swift */ = {isa = PBXFileReference; lastKnownFileType = sourcecode.swift; path = LocationModel.swift; sourceTree = "<group>"; };
		0C4712332B1A1FDE0081FD60 /* InsetMapView.swift */ = {isa = PBXFileReference; lastKnownFileType = sourcecode.swift; path = InsetMapView.swift; sourceTree = "<group>"; };
		0C4712352B1A21D30081FD60 /* ExternalWeblinkView.swift */ = {isa = PBXFileReference; lastKnownFileType = sourcecode.swift; path = ExternalWeblinkView.swift; sourceTree = "<group>"; };
		0C4712372B1A258E0081FD60 /* VideoModel.swift */ = {isa = PBXFileReference; lastKnownFileType = sourcecode.swift; path = VideoModel.swift; sourceTree = "<group>"; };
		0C4712392B1A25D70081FD60 /* VideoListItemView.swift */ = {isa = PBXFileReference; lastKnownFileType = sourcecode.swift; path = VideoListItemView.swift; sourceTree = "<group>"; };
		0C871FC02B1A2A8D005C5089 /* VideoPlayerView.swift */ = {isa = PBXFileReference; lastKnownFileType = sourcecode.swift; path = VideoPlayerView.swift; sourceTree = "<group>"; };
		0CBB23E52B1915B7000CD66E /* Africa.app */ = {isa = PBXFileReference; explicitFileType = wrapper.application; includeInIndex = 0; path = Africa.app; sourceTree = BUILT_PRODUCTS_DIR; };
		0CBB23E82B1915B7000CD66E /* AfricaApp.swift */ = {isa = PBXFileReference; lastKnownFileType = sourcecode.swift; path = AfricaApp.swift; sourceTree = "<group>"; };
		0CBB23EA2B1915B7000CD66E /* ContentView.swift */ = {isa = PBXFileReference; lastKnownFileType = sourcecode.swift; path = ContentView.swift; sourceTree = "<group>"; };
		0CBB23EC2B1915B9000CD66E /* Assets.xcassets */ = {isa = PBXFileReference; lastKnownFileType = folder.assetcatalog; path = Assets.xcassets; sourceTree = "<group>"; };
		0CBB23EF2B1915B9000CD66E /* Preview Assets.xcassets */ = {isa = PBXFileReference; lastKnownFileType = folder.assetcatalog; path = "Preview Assets.xcassets"; sourceTree = "<group>"; };
		0CBB23F82B1918C3000CD66E /* gorilla.mp4 */ = {isa = PBXFileReference; lastKnownFileType = file; path = gorilla.mp4; sourceTree = "<group>"; };
		0CBB23F92B1918C3000CD66E /* giraffe.mp4 */ = {isa = PBXFileReference; lastKnownFileType = file; path = giraffe.mp4; sourceTree = "<group>"; };
		0CBB23FA2B1918C3000CD66E /* elephant.mp4 */ = {isa = PBXFileReference; lastKnownFileType = file; path = elephant.mp4; sourceTree = "<group>"; };
		0CBB23FB2B1918C3000CD66E /* lioness.mp4 */ = {isa = PBXFileReference; lastKnownFileType = file; path = lioness.mp4; sourceTree = "<group>"; };
		0CBB23FC2B1918C3000CD66E /* cheetah.mp4 */ = {isa = PBXFileReference; lastKnownFileType = file; path = cheetah.mp4; sourceTree = "<group>"; };
		0CBB23FD2B1918C4000CD66E /* ostrich.mp4 */ = {isa = PBXFileReference; lastKnownFileType = file; path = ostrich.mp4; sourceTree = "<group>"; };
		0CBB23FE2B1918C4000CD66E /* lion.mp4 */ = {isa = PBXFileReference; lastKnownFileType = file; path = lion.mp4; sourceTree = "<group>"; };
		0CBB23FF2B1918C4000CD66E /* zebra.mp4 */ = {isa = PBXFileReference; lastKnownFileType = file; path = zebra.mp4; sourceTree = "<group>"; };
		0CBB24002B1918C4000CD66E /* hippo.mp4 */ = {isa = PBXFileReference; lastKnownFileType = file; path = hippo.mp4; sourceTree = "<group>"; };
		0CBB24012B1918C4000CD66E /* rhino.mp4 */ = {isa = PBXFileReference; lastKnownFileType = file; path = rhino.mp4; sourceTree = "<group>"; };
		0CBB24032B1918E9000CD66E /* covers.json */ = {isa = PBXFileReference; fileEncoding = 4; lastKnownFileType = text.json; path = covers.json; sourceTree = "<group>"; };
		0CBB24042B1918E9000CD66E /* videos.json */ = {isa = PBXFileReference; fileEncoding = 4; lastKnownFileType = text.json; path = videos.json; sourceTree = "<group>"; };
		0CBB24052B1918E9000CD66E /* locations.json */ = {isa = PBXFileReference; fileEncoding = 4; lastKnownFileType = text.json; path = locations.json; sourceTree = "<group>"; };
		0CBB24062B1918E9000CD66E /* animals.json */ = {isa = PBXFileReference; fileEncoding = 4; lastKnownFileType = text.json; path = animals.json; sourceTree = "<group>"; };
		0CBB240B2B192260000CD66E /* Info.plist */ = {isa = PBXFileReference; lastKnownFileType = text.plist; path = Info.plist; sourceTree = "<group>"; };
		0CBB240D2B19233A000CD66E /* VideoListView.swift */ = {isa = PBXFileReference; lastKnownFileType = sourcecode.swift; path = VideoListView.swift; sourceTree = "<group>"; };
		0CBB240F2B192356000CD66E /* MapView.swift */ = {isa = PBXFileReference; lastKnownFileType = sourcecode.swift; path = MapView.swift; sourceTree = "<group>"; };
		0CBB24112B19236F000CD66E /* GalleryView.swift */ = {isa = PBXFileReference; lastKnownFileType = sourcecode.swift; path = GalleryView.swift; sourceTree = "<group>"; };
		0CBB24132B192383000CD66E /* MainView.swift */ = {isa = PBXFileReference; lastKnownFileType = sourcecode.swift; path = MainView.swift; sourceTree = "<group>"; };
		0CBB24162B1924C9000CD66E /* CoverImageView.swift */ = {isa = PBXFileReference; lastKnownFileType = sourcecode.swift; path = CoverImageView.swift; sourceTree = "<group>"; };
		0CBB24192B192772000CD66E /* CoverImageModel.swift */ = {isa = PBXFileReference; lastKnownFileType = sourcecode.swift; path = CoverImageModel.swift; sourceTree = "<group>"; };
		0CBB241C2B19282E000CD66E /* CodableBundleExtension.swift */ = {isa = PBXFileReference; lastKnownFileType = sourcecode.swift; path = CodableBundleExtension.swift; sourceTree = "<group>"; };
		0CBB241E2B192BEB000CD66E /* AnimalListItemView.swift */ = {isa = PBXFileReference; lastKnownFileType = sourcecode.swift; path = AnimalListItemView.swift; sourceTree = "<group>"; };
		0CBB24202B192D58000CD66E /* AnimalModel.swift */ = {isa = PBXFileReference; lastKnownFileType = sourcecode.swift; path = AnimalModel.swift; sourceTree = "<group>"; };
		0CE022F82B1A0789006E0ECC /* AnimalDetailView.swift */ = {isa = PBXFileReference; lastKnownFileType = sourcecode.swift; path = AnimalDetailView.swift; sourceTree = "<group>"; };
		0CE022FA2B1A093B006E0ECC /* HeadingView.swift */ = {isa = PBXFileReference; lastKnownFileType = sourcecode.swift; path = HeadingView.swift; sourceTree = "<group>"; };
		0CE022FC2B1A09E2006E0ECC /* InsetGalleryView.swift */ = {isa = PBXFileReference; lastKnownFileType = sourcecode.swift; path = InsetGalleryView.swift; sourceTree = "<group>"; };
		0CE022FE2B1A1BFF006E0ECC /* InsetFactView.swift */ = {isa = PBXFileReference; lastKnownFileType = sourcecode.swift; path = InsetFactView.swift; sourceTree = "<group>"; };
/* End PBXFileReference section */

/* Begin PBXFrameworksBuildPhase section */
		0CBB23E22B1915B7000CD66E /* Frameworks */ = {
			isa = PBXFrameworksBuildPhase;
			buildActionMask = 2147483647;
			files = (
			);
			runOnlyForDeploymentPostprocessing = 0;
		};
/* End PBXFrameworksBuildPhase section */

/* Begin PBXGroup section */
		0C1DEC9F2B1A347800EB0E27 /* Utils */ = {
			isa = PBXGroup;
			children = (
				0C1DECA02B1A349E00EB0E27 /* VideoPlayerHelper.swift */,
			);
			path = Utils;
			sourceTree = "<group>";
		};
		0CBB23DC2B1915B7000CD66E = {
			isa = PBXGroup;
			children = (
				0CBB23E72B1915B7000CD66E /* Africa */,
				0CBB23E62B1915B7000CD66E /* Products */,
			);
			sourceTree = "<group>";
		};
		0CBB23E62B1915B7000CD66E /* Products */ = {
			isa = PBXGroup;
			children = (
				0CBB23E52B1915B7000CD66E /* Africa.app */,
			);
			name = Products;
			sourceTree = "<group>";
		};
		0CBB23E72B1915B7000CD66E /* Africa */ = {
			isa = PBXGroup;
			children = (
				0C1DEC9F2B1A347800EB0E27 /* Utils */,
				0CBB241B2B192821000CD66E /* Extension */,
				0CBB24182B192764000CD66E /* Model */,
				0CBB24152B1924BB000CD66E /* View */,
				0CBB240B2B192260000CD66E /* Info.plist */,
				0CBB24022B1918DB000CD66E /* Data */,
				0CBB23F72B1918B0000CD66E /* Video */,
				0CBB240C2B192307000CD66E /* App */,
				0CBB23EC2B1915B9000CD66E /* Assets.xcassets */,
				0CBB23EE2B1915B9000CD66E /* Preview Content */,
				0C1DEC9D2B1A303400EB0E27 /* config.swiftformat */,
			);
			path = Africa;
			sourceTree = "<group>";
		};
		0CBB23EE2B1915B9000CD66E /* Preview Content */ = {
			isa = PBXGroup;
			children = (
				0CBB23EF2B1915B9000CD66E /* Preview Assets.xcassets */,
			);
			path = "Preview Content";
			sourceTree = "<group>";
		};
		0CBB23F72B1918B0000CD66E /* Video */ = {
			isa = PBXGroup;
			children = (
				0CBB23FC2B1918C3000CD66E /* cheetah.mp4 */,
				0CBB23FA2B1918C3000CD66E /* elephant.mp4 */,
				0CBB23F92B1918C3000CD66E /* giraffe.mp4 */,
				0CBB23F82B1918C3000CD66E /* gorilla.mp4 */,
				0CBB24002B1918C4000CD66E /* hippo.mp4 */,
				0CBB23FE2B1918C4000CD66E /* lion.mp4 */,
				0CBB23FB2B1918C3000CD66E /* lioness.mp4 */,
				0CBB23FD2B1918C4000CD66E /* ostrich.mp4 */,
				0CBB24012B1918C4000CD66E /* rhino.mp4 */,
				0CBB23FF2B1918C4000CD66E /* zebra.mp4 */,
			);
			path = Video;
			sourceTree = "<group>";
		};
		0CBB24022B1918DB000CD66E /* Data */ = {
			isa = PBXGroup;
			children = (
				0CBB24062B1918E9000CD66E /* animals.json */,
				0CBB24032B1918E9000CD66E /* covers.json */,
				0CBB24052B1918E9000CD66E /* locations.json */,
				0CBB24042B1918E9000CD66E /* videos.json */,
			);
			path = Data;
			sourceTree = "<group>";
		};
		0CBB240C2B192307000CD66E /* App */ = {
			isa = PBXGroup;
			children = (
				0CBB23E82B1915B7000CD66E /* AfricaApp.swift */,
				0CBB23EA2B1915B7000CD66E /* ContentView.swift */,
				0CBB240D2B19233A000CD66E /* VideoListView.swift */,
				0CBB240F2B192356000CD66E /* MapView.swift */,
				0CBB24112B19236F000CD66E /* GalleryView.swift */,
				0CBB24132B192383000CD66E /* MainView.swift */,
			);
			path = App;
			sourceTree = "<group>";
		};
		0CBB24152B1924BB000CD66E /* View */ = {
			isa = PBXGroup;
			children = (
				0CBB24162B1924C9000CD66E /* CoverImageView.swift */,
				0CBB241E2B192BEB000CD66E /* AnimalListItemView.swift */,
				0CE022F82B1A0789006E0ECC /* AnimalDetailView.swift */,
				0CE022FA2B1A093B006E0ECC /* HeadingView.swift */,
				0CE022FC2B1A09E2006E0ECC /* InsetGalleryView.swift */,
				0CE022FE2B1A1BFF006E0ECC /* InsetFactView.swift */,
				0C4712332B1A1FDE0081FD60 /* InsetMapView.swift */,
				0C4712352B1A21D30081FD60 /* ExternalWeblinkView.swift */,
				0C4712392B1A25D70081FD60 /* VideoListItemView.swift */,
				0C871FC02B1A2A8D005C5089 /* VideoPlayerView.swift */,
			);
			path = View;
			sourceTree = "<group>";
		};
		0CBB24182B192764000CD66E /* Model */ = {
			isa = PBXGroup;
			children = (
				0CBB24192B192772000CD66E /* CoverImageModel.swift */,
				0CBB24202B192D58000CD66E /* AnimalModel.swift */,
				0C4712372B1A258E0081FD60 /* VideoModel.swift */,
				0C1DECA22B1A376900EB0E27 /* LocationModel.swift */,
			);
			path = Model;
			sourceTree = "<group>";
		};
		0CBB241B2B192821000CD66E /* Extension */ = {
			isa = PBXGroup;
			children = (
				0CBB241C2B19282E000CD66E /* CodableBundleExtension.swift */,
			);
			path = Extension;
			sourceTree = "<group>";
		};
/* End PBXGroup section */

/* Begin PBXNativeTarget section */
		0CBB23E42B1915B7000CD66E /* Africa */ = {
			isa = PBXNativeTarget;
			buildConfigurationList = 0CBB23F32B1915B9000CD66E /* Build configuration list for PBXNativeTarget "Africa" */;
			buildPhases = (
				0CBB23E12B1915B7000CD66E /* Sources */,
				0CBB23E22B1915B7000CD66E /* Frameworks */,
				0CBB23E32B1915B7000CD66E /* Resources */,
			);
			buildRules = (
			);
			dependencies = (
			);
			name = Africa;
			productName = Africa;
			productReference = 0CBB23E52B1915B7000CD66E /* Africa.app */;
			productType = "com.apple.product-type.application";
		};
/* End PBXNativeTarget section */

/* Begin PBXProject section */
		0CBB23DD2B1915B7000CD66E /* Project object */ = {
			isa = PBXProject;
			attributes = {
				BuildIndependentTargetsInParallel = 1;
				LastSwiftUpdateCheck = 1500;
				LastUpgradeCheck = 1500;
				TargetAttributes = {
					0CBB23E42B1915B7000CD66E = {
						CreatedOnToolsVersion = 15.0.1;
					};
				};
			};
			buildConfigurationList = 0CBB23E02B1915B7000CD66E /* Build configuration list for PBXProject "Africa" */;
			compatibilityVersion = "Xcode 14.0";
			developmentRegion = en;
			hasScannedForEncodings = 0;
			knownRegions = (
				en,
				Base,
			);
			mainGroup = 0CBB23DC2B1915B7000CD66E;
			productRefGroup = 0CBB23E62B1915B7000CD66E /* Products */;
			projectDirPath = "";
			projectRoot = "";
			targets = (
				0CBB23E42B1915B7000CD66E /* Africa */,
			);
		};
/* End PBXProject section */

/* Begin PBXResourcesBuildPhase section */
		0CBB23E32B1915B7000CD66E /* Resources */ = {
			isa = PBXResourcesBuildPhase;
			buildActionMask = 2147483647;
			files = (
				0C1DEC942B1A2ED700EB0E27 /* hippo.mp4 in Resources */,
				0C1DEC962B1A2ED700EB0E27 /* lion.mp4 in Resources */,
				0C1DEC9E2B1A303400EB0E27 /* config.swiftformat in Resources */,
				0C1DEC922B1A2ED700EB0E27 /* rhino.mp4 in Resources */,
				0CBB23F02B1915B9000CD66E /* Preview Assets.xcassets in Resources */,
				0C1DEC972B1A2ED700EB0E27 /* lioness.mp4 in Resources */,
				0CBB24082B1918E9000CD66E /* videos.json in Resources */,
				0C1DEC9A2B1A2ED700EB0E27 /* ostrich.mp4 in Resources */,
				0CBB24092B1918E9000CD66E /* locations.json in Resources */,
				0C1DEC992B1A2ED700EB0E27 /* gorilla.mp4 in Resources */,
				0CBB240A2B1918E9000CD66E /* animals.json in Resources */,
				0C1DEC952B1A2ED700EB0E27 /* zebra.mp4 in Resources */,
				0CBB24072B1918E9000CD66E /* covers.json in Resources */,
				0CBB23ED2B1915B9000CD66E /* Assets.xcassets in Resources */,
				0C1DEC912B1A2ED200EB0E27 /* cheetah.mp4 in Resources */,
				0C1DEC982B1A2ED700EB0E27 /* giraffe.mp4 in Resources */,
				0C1DEC932B1A2ED700EB0E27 /* elephant.mp4 in Resources */,
			);
			runOnlyForDeploymentPostprocessing = 0;
		};
/* End PBXResourcesBuildPhase section */

/* Begin PBXSourcesBuildPhase section */
		0CBB23E12B1915B7000CD66E /* Sources */ = {
			isa = PBXSourcesBuildPhase;
			buildActionMask = 2147483647;
			files = (
				0C4712362B1A21D30081FD60 /* ExternalWeblinkView.swift in Sources */,
				0CBB23EB2B1915B7000CD66E /* ContentView.swift in Sources */,
				0CBB241F2B192BEB000CD66E /* AnimalListItemView.swift in Sources */,
				0CBB24142B192383000CD66E /* MainView.swift in Sources */,
				0CE022FF2B1A1BFF006E0ECC /* InsetFactView.swift in Sources */,
				0CBB24102B192356000CD66E /* MapView.swift in Sources */,
				0CBB241A2B192772000CD66E /* CoverImageModel.swift in Sources */,
				0CE022F92B1A0789006E0ECC /* AnimalDetailView.swift in Sources */,
				0CBB24212B192D58000CD66E /* AnimalModel.swift in Sources */,
				0CBB23E92B1915B7000CD66E /* AfricaApp.swift in Sources */,
				0C1DECA12B1A349E00EB0E27 /* VideoPlayerHelper.swift in Sources */,
				0C4712342B1A1FDE0081FD60 /* InsetMapView.swift in Sources */,
				0CBB240E2B19233A000CD66E /* VideoListView.swift in Sources */,
				0CBB24122B19236F000CD66E /* GalleryView.swift in Sources */,
				0C4712382B1A258E0081FD60 /* VideoModel.swift in Sources */,
				0CBB24172B1924C9000CD66E /* CoverImageView.swift in Sources */,
				0C1DECA32B1A376900EB0E27 /* LocationModel.swift in Sources */,
				0CE022FD2B1A09E2006E0ECC /* InsetGalleryView.swift in Sources */,
				0C47123A2B1A25D70081FD60 /* VideoListItemView.swift in Sources */,
				0CBB241D2B19282E000CD66E /* CodableBundleExtension.swift in Sources */,
				0CE022FB2B1A093B006E0ECC /* HeadingView.swift in Sources */,
				0C871FC12B1A2A8D005C5089 /* VideoPlayerView.swift in Sources */,
			);
			runOnlyForDeploymentPostprocessing = 0;
		};
/* End PBXSourcesBuildPhase section */

/* Begin XCBuildConfiguration section */
		0CBB23F12B1915B9000CD66E /* Debug */ = {
			isa = XCBuildConfiguration;
			buildSettings = {
				ALWAYS_SEARCH_USER_PATHS = NO;
				ASSETCATALOG_COMPILER_GENERATE_SWIFT_ASSET_SYMBOL_EXTENSIONS = YES;
				CLANG_ANALYZER_NONNULL = YES;
				CLANG_ANALYZER_NUMBER_OBJECT_CONVERSION = YES_AGGRESSIVE;
				CLANG_CXX_LANGUAGE_STANDARD = "gnu++20";
				CLANG_ENABLE_MODULES = YES;
				CLANG_ENABLE_OBJC_ARC = YES;
				CLANG_ENABLE_OBJC_WEAK = YES;
				CLANG_WARN_BLOCK_CAPTURE_AUTORELEASING = YES;
				CLANG_WARN_BOOL_CONVERSION = YES;
				CLANG_WARN_COMMA = YES;
				CLANG_WARN_CONSTANT_CONVERSION = YES;
				CLANG_WARN_DEPRECATED_OBJC_IMPLEMENTATIONS = YES;
				CLANG_WARN_DIRECT_OBJC_ISA_USAGE = YES_ERROR;
				CLANG_WARN_DOCUMENTATION_COMMENTS = YES;
				CLANG_WARN_EMPTY_BODY = YES;
				CLANG_WARN_ENUM_CONVERSION = YES;
				CLANG_WARN_INFINITE_RECURSION = YES;
				CLANG_WARN_INT_CONVERSION = YES;
				CLANG_WARN_NON_LITERAL_NULL_CONVERSION = YES;
				CLANG_WARN_OBJC_IMPLICIT_RETAIN_SELF = YES;
				CLANG_WARN_OBJC_LITERAL_CONVERSION = YES;
				CLANG_WARN_OBJC_ROOT_CLASS = YES_ERROR;
				CLANG_WARN_QUOTED_INCLUDE_IN_FRAMEWORK_HEADER = YES;
				CLANG_WARN_RANGE_LOOP_ANALYSIS = YES;
				CLANG_WARN_STRICT_PROTOTYPES = YES;
				CLANG_WARN_SUSPICIOUS_MOVE = YES;
				CLANG_WARN_UNGUARDED_AVAILABILITY = YES_AGGRESSIVE;
				CLANG_WARN_UNREACHABLE_CODE = YES;
				CLANG_WARN__DUPLICATE_METHOD_MATCH = YES;
				COPY_PHASE_STRIP = NO;
				DEBUG_INFORMATION_FORMAT = dwarf;
				ENABLE_STRICT_OBJC_MSGSEND = YES;
				ENABLE_TESTABILITY = YES;
				ENABLE_USER_SCRIPT_SANDBOXING = YES;
				GCC_C_LANGUAGE_STANDARD = gnu17;
				GCC_DYNAMIC_NO_PIC = NO;
				GCC_NO_COMMON_BLOCKS = YES;
				GCC_OPTIMIZATION_LEVEL = 0;
				GCC_PREPROCESSOR_DEFINITIONS = (
					"DEBUG=1",
					"$(inherited)",
				);
				GCC_WARN_64_TO_32_BIT_CONVERSION = YES;
				GCC_WARN_ABOUT_RETURN_TYPE = YES_ERROR;
				GCC_WARN_UNDECLARED_SELECTOR = YES;
				GCC_WARN_UNINITIALIZED_AUTOS = YES_AGGRESSIVE;
				GCC_WARN_UNUSED_FUNCTION = YES;
				GCC_WARN_UNUSED_VARIABLE = YES;
				IPHONEOS_DEPLOYMENT_TARGET = 17.0;
				LOCALIZATION_PREFERS_STRING_CATALOGS = YES;
				MTL_ENABLE_DEBUG_INFO = INCLUDE_SOURCE;
				MTL_FAST_MATH = YES;
				ONLY_ACTIVE_ARCH = YES;
				SDKROOT = iphoneos;
				SWIFT_ACTIVE_COMPILATION_CONDITIONS = "DEBUG $(inherited)";
				SWIFT_OPTIMIZATION_LEVEL = "-Onone";
			};
			name = Debug;
		};
		0CBB23F22B1915B9000CD66E /* Release */ = {
			isa = XCBuildConfiguration;
			buildSettings = {
				ALWAYS_SEARCH_USER_PATHS = NO;
				ASSETCATALOG_COMPILER_GENERATE_SWIFT_ASSET_SYMBOL_EXTENSIONS = YES;
				CLANG_ANALYZER_NONNULL = YES;
				CLANG_ANALYZER_NUMBER_OBJECT_CONVERSION = YES_AGGRESSIVE;
				CLANG_CXX_LANGUAGE_STANDARD = "gnu++20";
				CLANG_ENABLE_MODULES = YES;
				CLANG_ENABLE_OBJC_ARC = YES;
				CLANG_ENABLE_OBJC_WEAK = YES;
				CLANG_WARN_BLOCK_CAPTURE_AUTORELEASING = YES;
				CLANG_WARN_BOOL_CONVERSION = YES;
				CLANG_WARN_COMMA = YES;
				CLANG_WARN_CONSTANT_CONVERSION = YES;
				CLANG_WARN_DEPRECATED_OBJC_IMPLEMENTATIONS = YES;
				CLANG_WARN_DIRECT_OBJC_ISA_USAGE = YES_ERROR;
				CLANG_WARN_DOCUMENTATION_COMMENTS = YES;
				CLANG_WARN_EMPTY_BODY = YES;
				CLANG_WARN_ENUM_CONVERSION = YES;
				CLANG_WARN_INFINITE_RECURSION = YES;
				CLANG_WARN_INT_CONVERSION = YES;
				CLANG_WARN_NON_LITERAL_NULL_CONVERSION = YES;
				CLANG_WARN_OBJC_IMPLICIT_RETAIN_SELF = YES;
				CLANG_WARN_OBJC_LITERAL_CONVERSION = YES;
				CLANG_WARN_OBJC_ROOT_CLASS = YES_ERROR;
				CLANG_WARN_QUOTED_INCLUDE_IN_FRAMEWORK_HEADER = YES;
				CLANG_WARN_RANGE_LOOP_ANALYSIS = YES;
				CLANG_WARN_STRICT_PROTOTYPES = YES;
				CLANG_WARN_SUSPICIOUS_MOVE = YES;
				CLANG_WARN_UNGUARDED_AVAILABILITY = YES_AGGRESSIVE;
				CLANG_WARN_UNREACHABLE_CODE = YES;
				CLANG_WARN__DUPLICATE_METHOD_MATCH = YES;
				COPY_PHASE_STRIP = NO;
				DEBUG_INFORMATION_FORMAT = "dwarf-with-dsym";
				ENABLE_NS_ASSERTIONS = NO;
				ENABLE_STRICT_OBJC_MSGSEND = YES;
				ENABLE_USER_SCRIPT_SANDBOXING = YES;
				GCC_C_LANGUAGE_STANDARD = gnu17;
				GCC_NO_COMMON_BLOCKS = YES;
				GCC_WARN_64_TO_32_BIT_CONVERSION = YES;
				GCC_WARN_ABOUT_RETURN_TYPE = YES_ERROR;
				GCC_WARN_UNDECLARED_SELECTOR = YES;
				GCC_WARN_UNINITIALIZED_AUTOS = YES_AGGRESSIVE;
				GCC_WARN_UNUSED_FUNCTION = YES;
				GCC_WARN_UNUSED_VARIABLE = YES;
				IPHONEOS_DEPLOYMENT_TARGET = 17.0;
				LOCALIZATION_PREFERS_STRING_CATALOGS = YES;
				MTL_ENABLE_DEBUG_INFO = NO;
				MTL_FAST_MATH = YES;
				SDKROOT = iphoneos;
				SWIFT_COMPILATION_MODE = wholemodule;
				VALIDATE_PRODUCT = YES;
			};
			name = Release;
		};
		0CBB23F42B1915B9000CD66E /* Debug */ = {
			isa = XCBuildConfiguration;
			buildSettings = {
				ASSETCATALOG_COMPILER_APPICON_NAME = AppIcon;
				ASSETCATALOG_COMPILER_GLOBAL_ACCENT_COLOR_NAME = AccentColor;
				CODE_SIGN_STYLE = Automatic;
				CURRENT_PROJECT_VERSION = 1;
				DEVELOPMENT_ASSET_PATHS = "\"Africa/Preview Content\"";
				DEVELOPMENT_TEAM = KL4438S7G9;
				ENABLE_PREVIEWS = YES;
				GENERATE_INFOPLIST_FILE = YES;
				INFOPLIST_FILE = Africa/Info.plist;
				INFOPLIST_KEY_UIApplicationSceneManifest_Generation = YES;
				INFOPLIST_KEY_UIApplicationSupportsIndirectInputEvents = YES;
				INFOPLIST_KEY_UISupportedInterfaceOrientations_iPad = "UIInterfaceOrientationPortrait UIInterfaceOrientationPortraitUpsideDown UIInterfaceOrientationLandscapeLeft UIInterfaceOrientationLandscapeRight";
				INFOPLIST_KEY_UISupportedInterfaceOrientations_iPhone = "UIInterfaceOrientationPortrait UIInterfaceOrientationLandscapeLeft UIInterfaceOrientationLandscapeRight";
				INFOPLIST_KEY_UIUserInterfaceStyle = Dark;
				LD_RUNPATH_SEARCH_PATHS = (
					"$(inherited)",
					"@executable_path/Frameworks",
				);
				MARKETING_VERSION = 1.0;
				PRODUCT_BUNDLE_IDENTIFIER = com.team76.Africa;
				PRODUCT_NAME = "$(TARGET_NAME)";
				SWIFT_EMIT_LOC_STRINGS = YES;
				SWIFT_VERSION = 5.0;
				TARGETED_DEVICE_FAMILY = "1,2";
			};
			name = Debug;
		};
		0CBB23F52B1915B9000CD66E /* Release */ = {
			isa = XCBuildConfiguration;
			buildSettings = {
				ASSETCATALOG_COMPILER_APPICON_NAME = AppIcon;
				ASSETCATALOG_COMPILER_GLOBAL_ACCENT_COLOR_NAME = AccentColor;
				CODE_SIGN_STYLE = Automatic;
				CURRENT_PROJECT_VERSION = 1;
				DEVELOPMENT_ASSET_PATHS = "\"Africa/Preview Content\"";
				DEVELOPMENT_TEAM = KL4438S7G9;
				ENABLE_PREVIEWS = YES;
				GENERATE_INFOPLIST_FILE = YES;
				INFOPLIST_FILE = Africa/Info.plist;
				INFOPLIST_KEY_UIApplicationSceneManifest_Generation = YES;
				INFOPLIST_KEY_UIApplicationSupportsIndirectInputEvents = YES;
				INFOPLIST_KEY_UISupportedInterfaceOrientations_iPad = "UIInterfaceOrientationPortrait UIInterfaceOrientationPortraitUpsideDown UIInterfaceOrientationLandscapeLeft UIInterfaceOrientationLandscapeRight";
				INFOPLIST_KEY_UISupportedInterfaceOrientations_iPhone = "UIInterfaceOrientationPortrait UIInterfaceOrientationLandscapeLeft UIInterfaceOrientationLandscapeRight";
				INFOPLIST_KEY_UIUserInterfaceStyle = Dark;
				LD_RUNPATH_SEARCH_PATHS = (
					"$(inherited)",
					"@executable_path/Frameworks",
				);
				MARKETING_VERSION = 1.0;
				PRODUCT_BUNDLE_IDENTIFIER = com.team76.Africa;
				PRODUCT_NAME = "$(TARGET_NAME)";
				SWIFT_EMIT_LOC_STRINGS = YES;
				SWIFT_VERSION = 5.0;
				TARGETED_DEVICE_FAMILY = "1,2";
			};
			name = Release;
		};
/* End XCBuildConfiguration section */

/* Begin XCConfigurationList section */
		0CBB23E02B1915B7000CD66E /* Build configuration list for PBXProject "Africa" */ = {
			isa = XCConfigurationList;
			buildConfigurations = (
				0CBB23F12B1915B9000CD66E /* Debug */,
				0CBB23F22B1915B9000CD66E /* Release */,
			);
			defaultConfigurationIsVisible = 0;
			defaultConfigurationName = Release;
		};
		0CBB23F32B1915B9000CD66E /* Build configuration list for PBXNativeTarget "Africa" */ = {
			isa = XCConfigurationList;
			buildConfigurations = (
				0CBB23F42B1915B9000CD66E /* Debug */,
				0CBB23F52B1915B9000CD66E /* Release */,
			);
			defaultConfigurationIsVisible = 0;
			defaultConfigurationName = Release;
		};
/* End XCConfigurationList section */
	};
	rootObject = 0CBB23DD2B1915B7000CD66E /* Project object */;
}
